// !$*UTF8*$!
{
	archiveVersion = 1;
	classes = {
	};
	objectVersion = 60;
	objects = {

/* Begin PBXBuildFile section */
		646F52272C63B7C000D24EF7 /* MockResponseModel.swift in Sources */ = {isa = PBXBuildFile; fileRef = 646F52262C63B7C000D24EF7 /* MockResponseModel.swift */; };
		646F52292C63B7DD00D24EF7 /* APIClientTests.swift in Sources */ = {isa = PBXBuildFile; fileRef = 646F52282C63B7DD00D24EF7 /* APIClientTests.swift */; };
		64A027B72C59E96B009FBD76 /* NimbleSurveyApp.swift in Sources */ = {isa = PBXBuildFile; fileRef = 64A027B62C59E96B009FBD76 /* NimbleSurveyApp.swift */; };
		64A027BD2C59E96E009FBD76 /* Assets.xcassets in Resources */ = {isa = PBXBuildFile; fileRef = 64A027BC2C59E96E009FBD76 /* Assets.xcassets */; };
		64A027C02C59E96E009FBD76 /* Preview Assets.xcassets in Resources */ = {isa = PBXBuildFile; fileRef = 64A027BF2C59E96E009FBD76 /* Preview Assets.xcassets */; };
		64A027CA2C59E96E009FBD76 /* NimbleSurveyTests.swift in Sources */ = {isa = PBXBuildFile; fileRef = 64A027C92C59E96E009FBD76 /* NimbleSurveyTests.swift */; };
		64A027D42C59E96E009FBD76 /* NimbleSurveyUITests.swift in Sources */ = {isa = PBXBuildFile; fileRef = 64A027D32C59E96E009FBD76 /* NimbleSurveyUITests.swift */; };
		64A027D62C59E96E009FBD76 /* NimbleSurveyUITestsLaunchTests.swift in Sources */ = {isa = PBXBuildFile; fileRef = 64A027D52C59E96E009FBD76 /* NimbleSurveyUITestsLaunchTests.swift */; };
		64A027E42C5A1858009FBD76 /* Neuzeit S LT Std Book.otf in Resources */ = {isa = PBXBuildFile; fileRef = 64A027E32C5A1858009FBD76 /* Neuzeit S LT Std Book.otf */; };
		64A027E82C5A1F1C009FBD76 /* Utils.swift in Sources */ = {isa = PBXBuildFile; fileRef = 64A027E72C5A1F1C009FBD76 /* Utils.swift */; };
		64A027EE2C5A240F009FBD76 /* SignInView.swift in Sources */ = {isa = PBXBuildFile; fileRef = 64A027ED2C5A240F009FBD76 /* SignInView.swift */; };
		64A027F12C5A7849009FBD76 /* ResetPasswordView.swift in Sources */ = {isa = PBXBuildFile; fileRef = 64A027F02C5A7849009FBD76 /* ResetPasswordView.swift */; };
		64A027F32C5A80F6009FBD76 /* ViewExtension.swift in Sources */ = {isa = PBXBuildFile; fileRef = 64A027F22C5A80F6009FBD76 /* ViewExtension.swift */; };
		64A027F62C5B74C3009FBD76 /* SkeletonLoadingHomeView.swift in Sources */ = {isa = PBXBuildFile; fileRef = 64A027F52C5B74C3009FBD76 /* SkeletonLoadingHomeView.swift */; };
		64A027F92C5B80A9009FBD76 /* ShimmerAnimatedView.swift in Sources */ = {isa = PBXBuildFile; fileRef = 64A027F82C5B80A9009FBD76 /* ShimmerAnimatedView.swift */; };
		64A027FD2C5B891C009FBD76 /* SDWebImageSwiftUI in Frameworks */ = {isa = PBXBuildFile; productRef = 64A027FC2C5B891C009FBD76 /* SDWebImageSwiftUI */; };
		64A027FF2C5B8AD7009FBD76 /* HomeView.swift in Sources */ = {isa = PBXBuildFile; fileRef = 64A027FE2C5B8AD7009FBD76 /* HomeView.swift */; };
		64A9EDC12C5C39B800A1FC02 /* TextExtension+Styles.swift in Sources */ = {isa = PBXBuildFile; fileRef = 64A9EDC02C5C39B800A1FC02 /* TextExtension+Styles.swift */; };
		64A9EDC82C5D58CC00A1FC02 /* Lottie in Frameworks */ = {isa = PBXBuildFile; productRef = 64A9EDC72C5D58CC00A1FC02 /* Lottie */; };
		64A9EDCA2C5D59AF00A1FC02 /* LottieView.swift in Sources */ = {isa = PBXBuildFile; fileRef = 64A9EDC92C5D59AF00A1FC02 /* LottieView.swift */; };
		64A9EDD02C5D5F5A00A1FC02 /* ThankYouView.swift in Sources */ = {isa = PBXBuildFile; fileRef = 64A9EDCF2C5D5F5A00A1FC02 /* ThankYouView.swift */; };
		64A9EDD42C5D6C8500A1FC02 /* complete.json in Resources */ = {isa = PBXBuildFile; fileRef = 64A9EDD32C5D6C8500A1FC02 /* complete.json */; };
		64A9EDDD2C5D942300A1FC02 /* SwiftfulRouting in Frameworks */ = {isa = PBXBuildFile; productRef = 64A9EDDC2C5D942300A1FC02 /* SwiftfulRouting */; };
		64A9EDE02C5DA3B200A1FC02 /* KeychainSwift in Frameworks */ = {isa = PBXBuildFile; productRef = 64A9EDDF2C5DA3B200A1FC02 /* KeychainSwift */; };
		64A9EDE32C5E31F700A1FC02 /* APIEndpoint.swift in Sources */ = {isa = PBXBuildFile; fileRef = 64A9EDE22C5E31F700A1FC02 /* APIEndpoint.swift */; };
		64A9EDE72C5E374900A1FC02 /* UserService.swift in Sources */ = {isa = PBXBuildFile; fileRef = 64A9EDE62C5E374900A1FC02 /* UserService.swift */; };
		64A9EDE92C5E375A00A1FC02 /* UserEndPoint.swift in Sources */ = {isa = PBXBuildFile; fileRef = 64A9EDE82C5E375A00A1FC02 /* UserEndPoint.swift */; };
		64A9EDEB2C5E378200A1FC02 /* APIClient.swift in Sources */ = {isa = PBXBuildFile; fileRef = 64A9EDEA2C5E378200A1FC02 /* APIClient.swift */; };
		64A9EDED2C5E521300A1FC02 /* SignInViewModel.swift in Sources */ = {isa = PBXBuildFile; fileRef = 64A9EDEC2C5E521300A1FC02 /* SignInViewModel.swift */; };
		64A9EDF02C5E564100A1FC02 /* SignInResponseModel.swift in Sources */ = {isa = PBXBuildFile; fileRef = 64A9EDEF2C5E564100A1FC02 /* SignInResponseModel.swift */; };
		64A9EDF22C5E575400A1FC02 /* SurveyModel.swift in Sources */ = {isa = PBXBuildFile; fileRef = 64A9EDF12C5E575400A1FC02 /* SurveyModel.swift */; };
		64A9EDF42C5ECF9100A1FC02 /* HomeViewViewModel.swift in Sources */ = {isa = PBXBuildFile; fileRef = 64A9EDF32C5ECF9100A1FC02 /* HomeViewViewModel.swift */; };
		64A9EDF62C5FC3B900A1FC02 /* UserViewModel.swift in Sources */ = {isa = PBXBuildFile; fileRef = 64A9EDF52C5FC3B900A1FC02 /* UserViewModel.swift */; };
		64A9EDF82C5FC44B00A1FC02 /* UserModel.swift in Sources */ = {isa = PBXBuildFile; fileRef = 64A9EDF72C5FC44B00A1FC02 /* UserModel.swift */; };
		64A9EDFD2C5FC79400A1FC02 /* SurveyEndpoint.swift in Sources */ = {isa = PBXBuildFile; fileRef = 64A9EDFC2C5FC79400A1FC02 /* SurveyEndpoint.swift */; };
		64A9EDFF2C5FCCAE00A1FC02 /* SurveyService.swift in Sources */ = {isa = PBXBuildFile; fileRef = 64A9EDFE2C5FCCAE00A1FC02 /* SurveyService.swift */; };
		64A9EE012C606D5900A1FC02 /* NetworkMonitor.swift in Sources */ = {isa = PBXBuildFile; fileRef = 64A9EE002C606D5900A1FC02 /* NetworkMonitor.swift */; };
		64A9EE062C6185B100A1FC02 /* MockUserService.swift in Sources */ = {isa = PBXBuildFile; fileRef = 64A9EE052C6185B100A1FC02 /* MockUserService.swift */; };
		64A9EE0C2C62336300A1FC02 /* SurveyModel.swift in Sources */ = {isa = PBXBuildFile; fileRef = 64A9EDF12C5E575400A1FC02 /* SurveyModel.swift */; };
		64A9EE0E2C6236A900A1FC02 /* HomeViewViewModelTests.swift in Sources */ = {isa = PBXBuildFile; fileRef = 64A9EE0D2C6236A900A1FC02 /* HomeViewViewModelTests.swift */; };
		64A9EE0F2C623BAF00A1FC02 /* SurveyService.swift in Sources */ = {isa = PBXBuildFile; fileRef = 64A9EDFE2C5FCCAE00A1FC02 /* SurveyService.swift */; };
		64A9EE112C623FE000A1FC02 /* survey_json.json in Resources */ = {isa = PBXBuildFile; fileRef = 64A9EE102C623FCC00A1FC02 /* survey_json.json */; };
		64A9EE132C624AFD00A1FC02 /* SurveyEndpoint.swift in Sources */ = {isa = PBXBuildFile; fileRef = 64A9EDFC2C5FC79400A1FC02 /* SurveyEndpoint.swift */; };
		64A9EE142C624B0500A1FC02 /* APIEndpoint.swift in Sources */ = {isa = PBXBuildFile; fileRef = 64A9EDE22C5E31F700A1FC02 /* APIEndpoint.swift */; };
		64A9EE152C624B0E00A1FC02 /* APIClient.swift in Sources */ = {isa = PBXBuildFile; fileRef = 64A9EDEA2C5E378200A1FC02 /* APIClient.swift */; };
		64A9EE172C624B5600A1FC02 /* Utils.swift in Sources */ = {isa = PBXBuildFile; fileRef = 64A027E72C5A1F1C009FBD76 /* Utils.swift */; };
		64A9EE182C62569400A1FC02 /* HomeViewViewModel.swift in Sources */ = {isa = PBXBuildFile; fileRef = 64A9EDF32C5ECF9100A1FC02 /* HomeViewViewModel.swift */; };
		64A9EE192C6256A200A1FC02 /* NetworkMonitor.swift in Sources */ = {isa = PBXBuildFile; fileRef = 64A9EE002C606D5900A1FC02 /* NetworkMonitor.swift */; };
/* End PBXBuildFile section */

/* Begin PBXContainerItemProxy section */
		64A027C62C59E96E009FBD76 /* PBXContainerItemProxy */ = {
			isa = PBXContainerItemProxy;
			containerPortal = 64A027AB2C59E96B009FBD76 /* Project object */;
			proxyType = 1;
			remoteGlobalIDString = 64A027B22C59E96B009FBD76;
			remoteInfo = NimbleSurvey;
		};
		64A027D02C59E96E009FBD76 /* PBXContainerItemProxy */ = {
			isa = PBXContainerItemProxy;
			containerPortal = 64A027AB2C59E96B009FBD76 /* Project object */;
			proxyType = 1;
			remoteGlobalIDString = 64A027B22C59E96B009FBD76;
			remoteInfo = NimbleSurvey;
		};
/* End PBXContainerItemProxy section */

/* Begin PBXFileReference section */
		646F52262C63B7C000D24EF7 /* MockResponseModel.swift */ = {isa = PBXFileReference; lastKnownFileType = sourcecode.swift; path = MockResponseModel.swift; sourceTree = "<group>"; };
		646F52282C63B7DD00D24EF7 /* APIClientTests.swift */ = {isa = PBXFileReference; lastKnownFileType = sourcecode.swift; path = APIClientTests.swift; sourceTree = "<group>"; };
		64A027B32C59E96B009FBD76 /* NimbleSurvey.app */ = {isa = PBXFileReference; explicitFileType = wrapper.application; includeInIndex = 0; path = NimbleSurvey.app; sourceTree = BUILT_PRODUCTS_DIR; };
		64A027B62C59E96B009FBD76 /* NimbleSurveyApp.swift */ = {isa = PBXFileReference; lastKnownFileType = sourcecode.swift; path = NimbleSurveyApp.swift; sourceTree = "<group>"; };
		64A027BC2C59E96E009FBD76 /* Assets.xcassets */ = {isa = PBXFileReference; lastKnownFileType = folder.assetcatalog; path = Assets.xcassets; sourceTree = "<group>"; };
		64A027BF2C59E96E009FBD76 /* Preview Assets.xcassets */ = {isa = PBXFileReference; lastKnownFileType = folder.assetcatalog; path = "Preview Assets.xcassets"; sourceTree = "<group>"; };
		64A027C52C59E96E009FBD76 /* NimbleSurveyTests.xctest */ = {isa = PBXFileReference; explicitFileType = wrapper.cfbundle; includeInIndex = 0; path = NimbleSurveyTests.xctest; sourceTree = BUILT_PRODUCTS_DIR; };
		64A027C92C59E96E009FBD76 /* NimbleSurveyTests.swift */ = {isa = PBXFileReference; lastKnownFileType = sourcecode.swift; path = NimbleSurveyTests.swift; sourceTree = "<group>"; };
		64A027CF2C59E96E009FBD76 /* NimbleSurveyUITests.xctest */ = {isa = PBXFileReference; explicitFileType = wrapper.cfbundle; includeInIndex = 0; path = NimbleSurveyUITests.xctest; sourceTree = BUILT_PRODUCTS_DIR; };
		64A027D32C59E96E009FBD76 /* NimbleSurveyUITests.swift */ = {isa = PBXFileReference; lastKnownFileType = sourcecode.swift; path = NimbleSurveyUITests.swift; sourceTree = "<group>"; };
		64A027D52C59E96E009FBD76 /* NimbleSurveyUITestsLaunchTests.swift */ = {isa = PBXFileReference; lastKnownFileType = sourcecode.swift; path = NimbleSurveyUITestsLaunchTests.swift; sourceTree = "<group>"; };
		64A027E32C5A1858009FBD76 /* Neuzeit S LT Std Book.otf */ = {isa = PBXFileReference; lastKnownFileType = file; path = "Neuzeit S LT Std Book.otf"; sourceTree = "<group>"; };
		64A027E52C5A1AF1009FBD76 /* Info.plist */ = {isa = PBXFileReference; lastKnownFileType = text.plist; path = Info.plist; sourceTree = "<group>"; };
		64A027E72C5A1F1C009FBD76 /* Utils.swift */ = {isa = PBXFileReference; lastKnownFileType = sourcecode.swift; path = Utils.swift; sourceTree = "<group>"; };
		64A027ED2C5A240F009FBD76 /* SignInView.swift */ = {isa = PBXFileReference; lastKnownFileType = sourcecode.swift; path = SignInView.swift; sourceTree = "<group>"; };
		64A027F02C5A7849009FBD76 /* ResetPasswordView.swift */ = {isa = PBXFileReference; lastKnownFileType = sourcecode.swift; path = ResetPasswordView.swift; sourceTree = "<group>"; };
		64A027F22C5A80F6009FBD76 /* ViewExtension.swift */ = {isa = PBXFileReference; lastKnownFileType = sourcecode.swift; path = ViewExtension.swift; sourceTree = "<group>"; };
		64A027F52C5B74C3009FBD76 /* SkeletonLoadingHomeView.swift */ = {isa = PBXFileReference; lastKnownFileType = sourcecode.swift; path = SkeletonLoadingHomeView.swift; sourceTree = "<group>"; };
		64A027F82C5B80A9009FBD76 /* ShimmerAnimatedView.swift */ = {isa = PBXFileReference; lastKnownFileType = sourcecode.swift; path = ShimmerAnimatedView.swift; sourceTree = "<group>"; };
		64A027FE2C5B8AD7009FBD76 /* HomeView.swift */ = {isa = PBXFileReference; lastKnownFileType = sourcecode.swift; path = HomeView.swift; sourceTree = "<group>"; };
		64A9EDC02C5C39B800A1FC02 /* TextExtension+Styles.swift */ = {isa = PBXFileReference; lastKnownFileType = sourcecode.swift; path = "TextExtension+Styles.swift"; sourceTree = "<group>"; };
		64A9EDC92C5D59AF00A1FC02 /* LottieView.swift */ = {isa = PBXFileReference; lastKnownFileType = sourcecode.swift; path = LottieView.swift; sourceTree = "<group>"; };
		64A9EDCF2C5D5F5A00A1FC02 /* ThankYouView.swift */ = {isa = PBXFileReference; lastKnownFileType = sourcecode.swift; path = ThankYouView.swift; sourceTree = "<group>"; };
		64A9EDD32C5D6C8500A1FC02 /* complete.json */ = {isa = PBXFileReference; lastKnownFileType = text.json; path = complete.json; sourceTree = "<group>"; };
		64A9EDE22C5E31F700A1FC02 /* APIEndpoint.swift */ = {isa = PBXFileReference; lastKnownFileType = sourcecode.swift; path = APIEndpoint.swift; sourceTree = "<group>"; };
		64A9EDE62C5E374900A1FC02 /* UserService.swift */ = {isa = PBXFileReference; lastKnownFileType = sourcecode.swift; path = UserService.swift; sourceTree = "<group>"; };
		64A9EDE82C5E375A00A1FC02 /* UserEndPoint.swift */ = {isa = PBXFileReference; lastKnownFileType = sourcecode.swift; path = UserEndPoint.swift; sourceTree = "<group>"; };
		64A9EDEA2C5E378200A1FC02 /* APIClient.swift */ = {isa = PBXFileReference; lastKnownFileType = sourcecode.swift; path = APIClient.swift; sourceTree = "<group>"; };
		64A9EDEC2C5E521300A1FC02 /* SignInViewModel.swift */ = {isa = PBXFileReference; lastKnownFileType = sourcecode.swift; path = SignInViewModel.swift; sourceTree = "<group>"; };
		64A9EDEF2C5E564100A1FC02 /* SignInResponseModel.swift */ = {isa = PBXFileReference; lastKnownFileType = sourcecode.swift; path = SignInResponseModel.swift; sourceTree = "<group>"; };
		64A9EDF12C5E575400A1FC02 /* SurveyModel.swift */ = {isa = PBXFileReference; lastKnownFileType = sourcecode.swift; path = SurveyModel.swift; sourceTree = "<group>"; };
		64A9EDF32C5ECF9100A1FC02 /* HomeViewViewModel.swift */ = {isa = PBXFileReference; lastKnownFileType = sourcecode.swift; path = HomeViewViewModel.swift; sourceTree = "<group>"; };
		64A9EDF52C5FC3B900A1FC02 /* UserViewModel.swift */ = {isa = PBXFileReference; lastKnownFileType = sourcecode.swift; path = UserViewModel.swift; sourceTree = "<group>"; };
		64A9EDF72C5FC44B00A1FC02 /* UserModel.swift */ = {isa = PBXFileReference; lastKnownFileType = sourcecode.swift; path = UserModel.swift; sourceTree = "<group>"; };
		64A9EDFC2C5FC79400A1FC02 /* SurveyEndpoint.swift */ = {isa = PBXFileReference; lastKnownFileType = sourcecode.swift; path = SurveyEndpoint.swift; sourceTree = "<group>"; };
		64A9EDFE2C5FCCAE00A1FC02 /* SurveyService.swift */ = {isa = PBXFileReference; lastKnownFileType = sourcecode.swift; path = SurveyService.swift; sourceTree = "<group>"; };
		64A9EE002C606D5900A1FC02 /* NetworkMonitor.swift */ = {isa = PBXFileReference; lastKnownFileType = sourcecode.swift; path = NetworkMonitor.swift; sourceTree = "<group>"; };
		64A9EE052C6185B100A1FC02 /* MockUserService.swift */ = {isa = PBXFileReference; lastKnownFileType = sourcecode.swift; path = MockUserService.swift; sourceTree = "<group>"; };
		64A9EE0D2C6236A900A1FC02 /* HomeViewViewModelTests.swift */ = {isa = PBXFileReference; lastKnownFileType = sourcecode.swift; path = HomeViewViewModelTests.swift; sourceTree = "<group>"; };
		64A9EE102C623FCC00A1FC02 /* survey_json.json */ = {isa = PBXFileReference; lastKnownFileType = text.json; path = survey_json.json; sourceTree = "<group>"; };
/* End PBXFileReference section */

/* Begin PBXFrameworksBuildPhase section */
		64A027B02C59E96B009FBD76 /* Frameworks */ = {
			isa = PBXFrameworksBuildPhase;
			buildActionMask = 2147483647;
			files = (
				64A027FD2C5B891C009FBD76 /* SDWebImageSwiftUI in Frameworks */,
				64A9EDDD2C5D942300A1FC02 /* SwiftfulRouting in Frameworks */,
				64A9EDE02C5DA3B200A1FC02 /* KeychainSwift in Frameworks */,
				64A9EDC82C5D58CC00A1FC02 /* Lottie in Frameworks */,
			);
			runOnlyForDeploymentPostprocessing = 0;
		};
		64A027C22C59E96E009FBD76 /* Frameworks */ = {
			isa = PBXFrameworksBuildPhase;
			buildActionMask = 2147483647;
			files = (
			);
			runOnlyForDeploymentPostprocessing = 0;
		};
		64A027CC2C59E96E009FBD76 /* Frameworks */ = {
			isa = PBXFrameworksBuildPhase;
			buildActionMask = 2147483647;
			files = (
			);
			runOnlyForDeploymentPostprocessing = 0;
		};
/* End PBXFrameworksBuildPhase section */

/* Begin PBXGroup section */
		646F52242C63B76A00D24EF7 /* NetworkLayer */ = {
			isa = PBXGroup;
			children = (
				646F52262C63B7C000D24EF7 /* MockResponseModel.swift */,
				646F52282C63B7DD00D24EF7 /* APIClientTests.swift */,
			);
			path = NetworkLayer;
			sourceTree = "<group>";
		};
		646F52252C63B77400D24EF7 /* HomeViewSurvey */ = {
			isa = PBXGroup;
			children = (
				64A9EE052C6185B100A1FC02 /* MockUserService.swift */,
				64A9EE0D2C6236A900A1FC02 /* HomeViewViewModelTests.swift */,
			);
			path = HomeViewSurvey;
			sourceTree = "<group>";
		};
		64A027AA2C59E96B009FBD76 = {
			isa = PBXGroup;
			children = (
				64A027B52C59E96B009FBD76 /* NimbleSurvey */,
				64A027C82C59E96E009FBD76 /* NimbleSurveyTests */,
				64A027D22C59E96E009FBD76 /* NimbleSurveyUITests */,
				64A027B42C59E96B009FBD76 /* Products */,
			);
			sourceTree = "<group>";
		};
		64A027B42C59E96B009FBD76 /* Products */ = {
			isa = PBXGroup;
			children = (
				64A027B32C59E96B009FBD76 /* NimbleSurvey.app */,
				64A027C52C59E96E009FBD76 /* NimbleSurveyTests.xctest */,
				64A027CF2C59E96E009FBD76 /* NimbleSurveyUITests.xctest */,
			);
			name = Products;
			sourceTree = "<group>";
		};
		64A027B52C59E96B009FBD76 /* NimbleSurvey */ = {
			isa = PBXGroup;
			children = (
				64A027EA2C5A23C6009FBD76 /* Features */,
				64A027E92C5A23BD009FBD76 /* Services */,
				64A9EDCB2C5D5EE100A1FC02 /* Resource */,
				64A027E62C5A1F08009FBD76 /* Utils */,
				64A027E52C5A1AF1009FBD76 /* Info.plist */,
				64A027B62C59E96B009FBD76 /* NimbleSurveyApp.swift */,
				64A027BC2C59E96E009FBD76 /* Assets.xcassets */,
				64A027BE2C59E96E009FBD76 /* Preview Content */,
			);
			path = NimbleSurvey;
			sourceTree = "<group>";
		};
		64A027BE2C59E96E009FBD76 /* Preview Content */ = {
			isa = PBXGroup;
			children = (
				64A027BF2C59E96E009FBD76 /* Preview Assets.xcassets */,
			);
			path = "Preview Content";
			sourceTree = "<group>";
		};
		64A027C82C59E96E009FBD76 /* NimbleSurveyTests */ = {
			isa = PBXGroup;
			children = (
				64A9EE102C623FCC00A1FC02 /* survey_json.json */,
				646F52252C63B77400D24EF7 /* HomeViewSurvey */,
				646F52242C63B76A00D24EF7 /* NetworkLayer */,
				64A027C92C59E96E009FBD76 /* NimbleSurveyTests.swift */,
			);
			path = NimbleSurveyTests;
			sourceTree = "<group>";
		};
		64A027D22C59E96E009FBD76 /* NimbleSurveyUITests */ = {
			isa = PBXGroup;
			children = (
				64A027D32C59E96E009FBD76 /* NimbleSurveyUITests.swift */,
				64A027D52C59E96E009FBD76 /* NimbleSurveyUITestsLaunchTests.swift */,
			);
			path = NimbleSurveyUITests;
			sourceTree = "<group>";
		};
		64A027E22C5A1849009FBD76 /* Fonts */ = {
			isa = PBXGroup;
			children = (
				64A027E32C5A1858009FBD76 /* Neuzeit S LT Std Book.otf */,
			);
			path = Fonts;
			sourceTree = "<group>";
		};
		64A027E62C5A1F08009FBD76 /* Utils */ = {
			isa = PBXGroup;
			children = (
				64A027F72C5B8092009FBD76 /* Views */,
				64A027E22C5A1849009FBD76 /* Fonts */,
				64A027EB2C5A23DB009FBD76 /* Extensions */,
				64A027E72C5A1F1C009FBD76 /* Utils.swift */,
			);
			path = Utils;
			sourceTree = "<group>";
		};
		64A027E92C5A23BD009FBD76 /* Services */ = {
			isa = PBXGroup;
			children = (
				64A9EE022C6169AF00A1FC02 /* StorageService */,
				64A9EDE12C5E30DC00A1FC02 /* NetworkService */,
			);
			path = Services;
			sourceTree = "<group>";
		};
		64A027EA2C5A23C6009FBD76 /* Features */ = {
			isa = PBXGroup;
			children = (
				64A9EDC52C5D550B00A1FC02 /* Thank You */,
				64A027FA2C5B8624009FBD76 /* Home View */,
				64A027F42C5B74A6009FBD76 /* Skeleton Loading View */,
				64A027EF2C5A7833009FBD76 /* Reset Password */,
				64A027EC2C5A2400009FBD76 /* Sign In */,
			);
			path = Features;
			sourceTree = "<group>";
		};
		64A027EB2C5A23DB009FBD76 /* Extensions */ = {
			isa = PBXGroup;
			children = (
				64A027F22C5A80F6009FBD76 /* ViewExtension.swift */,
				64A9EDC02C5C39B800A1FC02 /* TextExtension+Styles.swift */,
			);
			path = Extensions;
			sourceTree = "<group>";
		};
		64A027EC2C5A2400009FBD76 /* Sign In */ = {
			isa = PBXGroup;
			children = (
				64A9EDFB2C5FC4C500A1FC02 /* View */,
				64A9EDFA2C5FC4B900A1FC02 /* ViewModel */,
				64A9EDF92C5FC4B300A1FC02 /* Model */,
			);
			path = "Sign In";
			sourceTree = "<group>";
		};
		64A027EF2C5A7833009FBD76 /* Reset Password */ = {
			isa = PBXGroup;
			children = (
				64A027F02C5A7849009FBD76 /* ResetPasswordView.swift */,
			);
			path = "Reset Password";
			sourceTree = "<group>";
		};
		64A027F42C5B74A6009FBD76 /* Skeleton Loading View */ = {
			isa = PBXGroup;
			children = (
				64A027F52C5B74C3009FBD76 /* SkeletonLoadingHomeView.swift */,
			);
			path = "Skeleton Loading View";
			sourceTree = "<group>";
		};
		64A027F72C5B8092009FBD76 /* Views */ = {
			isa = PBXGroup;
			children = (
				64A027F82C5B80A9009FBD76 /* ShimmerAnimatedView.swift */,
				64A9EDC92C5D59AF00A1FC02 /* LottieView.swift */,
			);
			path = Views;
			sourceTree = "<group>";
		};
		64A027FA2C5B8624009FBD76 /* Home View */ = {
			isa = PBXGroup;
			children = (
				64A9EE072C61C9C400A1FC02 /* View */,
				64A9EE082C61C9D400A1FC02 /* ViewModel */,
				64A9EE092C61C9E000A1FC02 /* Model */,
			);
			path = "Home View";
			sourceTree = "<group>";
		};
		64A9EDC52C5D550B00A1FC02 /* Thank You */ = {
			isa = PBXGroup;
			children = (
				64A9EDCF2C5D5F5A00A1FC02 /* ThankYouView.swift */,
			);
			path = "Thank You";
			sourceTree = "<group>";
		};
		64A9EDCB2C5D5EE100A1FC02 /* Resource */ = {
			isa = PBXGroup;
			children = (
				64A9EDCE2C5D5F1F00A1FC02 /* LottieAnimation */,
			);
			path = Resource;
			sourceTree = "<group>";
		};
		64A9EDCE2C5D5F1F00A1FC02 /* LottieAnimation */ = {
			isa = PBXGroup;
			children = (
				64A9EDD32C5D6C8500A1FC02 /* complete.json */,
			);
			path = LottieAnimation;
			sourceTree = "<group>";
		};
		64A9EDE12C5E30DC00A1FC02 /* NetworkService */ = {
			isa = PBXGroup;
			children = (
				64A9EDE52C5E370000A1FC02 /* SurveyService */,
				64A9EDE42C5E36F300A1FC02 /* UserService */,
				64A9EDE22C5E31F700A1FC02 /* APIEndpoint.swift */,
				64A9EDEA2C5E378200A1FC02 /* APIClient.swift */,
				64A9EE002C606D5900A1FC02 /* NetworkMonitor.swift */,
			);
			path = NetworkService;
			sourceTree = "<group>";
		};
		64A9EDE42C5E36F300A1FC02 /* UserService */ = {
			isa = PBXGroup;
			children = (
				64A9EDE62C5E374900A1FC02 /* UserService.swift */,
				64A9EDE82C5E375A00A1FC02 /* UserEndPoint.swift */,
			);
			path = UserService;
			sourceTree = "<group>";
		};
		64A9EDE52C5E370000A1FC02 /* SurveyService */ = {
			isa = PBXGroup;
			children = (
				64A9EDFC2C5FC79400A1FC02 /* SurveyEndpoint.swift */,
				64A9EDFE2C5FCCAE00A1FC02 /* SurveyService.swift */,
			);
			path = SurveyService;
			sourceTree = "<group>";
		};
		64A9EDF92C5FC4B300A1FC02 /* Model */ = {
			isa = PBXGroup;
			children = (
				64A9EDEF2C5E564100A1FC02 /* SignInResponseModel.swift */,
				64A9EDF72C5FC44B00A1FC02 /* UserModel.swift */,
			);
			path = Model;
			sourceTree = "<group>";
		};
		64A9EDFA2C5FC4B900A1FC02 /* ViewModel */ = {
			isa = PBXGroup;
			children = (
				64A9EDEC2C5E521300A1FC02 /* SignInViewModel.swift */,
				64A9EDF52C5FC3B900A1FC02 /* UserViewModel.swift */,
			);
			path = ViewModel;
			sourceTree = "<group>";
		};
		64A9EDFB2C5FC4C500A1FC02 /* View */ = {
			isa = PBXGroup;
			children = (
				64A027ED2C5A240F009FBD76 /* SignInView.swift */,
			);
			path = View;
			sourceTree = "<group>";
		};
		64A9EE022C6169AF00A1FC02 /* StorageService */ = {
			isa = PBXGroup;
			children = (
			);
			path = StorageService;
			sourceTree = "<group>";
		};
		64A9EE072C61C9C400A1FC02 /* View */ = {
			isa = PBXGroup;
			children = (
				64A027FE2C5B8AD7009FBD76 /* HomeView.swift */,
			);
			path = View;
			sourceTree = "<group>";
		};
		64A9EE082C61C9D400A1FC02 /* ViewModel */ = {
			isa = PBXGroup;
			children = (
				64A9EDF32C5ECF9100A1FC02 /* HomeViewViewModel.swift */,
			);
			path = ViewModel;
			sourceTree = "<group>";
		};
		64A9EE092C61C9E000A1FC02 /* Model */ = {
			isa = PBXGroup;
			children = (
				64A9EDF12C5E575400A1FC02 /* SurveyModel.swift */,
			);
			path = Model;
			sourceTree = "<group>";
		};
/* End PBXGroup section */

/* Begin PBXNativeTarget section */
		64A027B22C59E96B009FBD76 /* NimbleSurvey */ = {
			isa = PBXNativeTarget;
			buildConfigurationList = 64A027D92C59E96E009FBD76 /* Build configuration list for PBXNativeTarget "NimbleSurvey" */;
			buildPhases = (
				64A027AF2C59E96B009FBD76 /* Sources */,
				64A027B02C59E96B009FBD76 /* Frameworks */,
				64A027B12C59E96B009FBD76 /* Resources */,
			);
			buildRules = (
			);
			dependencies = (
			);
			name = NimbleSurvey;
			packageProductDependencies = (
				64A027FC2C5B891C009FBD76 /* SDWebImageSwiftUI */,
				64A9EDC72C5D58CC00A1FC02 /* Lottie */,
				64A9EDDC2C5D942300A1FC02 /* SwiftfulRouting */,
				64A9EDDF2C5DA3B200A1FC02 /* KeychainSwift */,
			);
			productName = NimbleSurvey;
			productReference = 64A027B32C59E96B009FBD76 /* NimbleSurvey.app */;
			productType = "com.apple.product-type.application";
		};
		64A027C42C59E96E009FBD76 /* NimbleSurveyTests */ = {
			isa = PBXNativeTarget;
			buildConfigurationList = 64A027DC2C59E96E009FBD76 /* Build configuration list for PBXNativeTarget "NimbleSurveyTests" */;
			buildPhases = (
				64A027C12C59E96E009FBD76 /* Sources */,
				64A027C22C59E96E009FBD76 /* Frameworks */,
				64A027C32C59E96E009FBD76 /* Resources */,
			);
			buildRules = (
			);
			dependencies = (
				64A027C72C59E96E009FBD76 /* PBXTargetDependency */,
			);
			name = NimbleSurveyTests;
			productName = NimbleSurveyTests;
			productReference = 64A027C52C59E96E009FBD76 /* NimbleSurveyTests.xctest */;
			productType = "com.apple.product-type.bundle.unit-test";
		};
		64A027CE2C59E96E009FBD76 /* NimbleSurveyUITests */ = {
			isa = PBXNativeTarget;
			buildConfigurationList = 64A027DF2C59E96E009FBD76 /* Build configuration list for PBXNativeTarget "NimbleSurveyUITests" */;
			buildPhases = (
				64A027CB2C59E96E009FBD76 /* Sources */,
				64A027CC2C59E96E009FBD76 /* Frameworks */,
				64A027CD2C59E96E009FBD76 /* Resources */,
			);
			buildRules = (
			);
			dependencies = (
				64A027D12C59E96E009FBD76 /* PBXTargetDependency */,
			);
			name = NimbleSurveyUITests;
			productName = NimbleSurveyUITests;
			productReference = 64A027CF2C59E96E009FBD76 /* NimbleSurveyUITests.xctest */;
			productType = "com.apple.product-type.bundle.ui-testing";
		};
/* End PBXNativeTarget section */

/* Begin PBXProject section */
		64A027AB2C59E96B009FBD76 /* Project object */ = {
			isa = PBXProject;
			attributes = {
				BuildIndependentTargetsInParallel = 1;
				LastSwiftUpdateCheck = 1600;
				LastUpgradeCheck = 1600;
				TargetAttributes = {
					64A027B22C59E96B009FBD76 = {
						CreatedOnToolsVersion = 16.0;
					};
					64A027C42C59E96E009FBD76 = {
						CreatedOnToolsVersion = 16.0;
						TestTargetID = 64A027B22C59E96B009FBD76;
					};
					64A027CE2C59E96E009FBD76 = {
						CreatedOnToolsVersion = 16.0;
						TestTargetID = 64A027B22C59E96B009FBD76;
					};
				};
			};
			buildConfigurationList = 64A027AE2C59E96B009FBD76 /* Build configuration list for PBXProject "NimbleSurvey" */;
			compatibilityVersion = "Xcode 15.0";
			developmentRegion = en;
			hasScannedForEncodings = 0;
			knownRegions = (
				en,
				Base,
			);
			mainGroup = 64A027AA2C59E96B009FBD76;
			packageReferences = (
				64A027FB2C5B891C009FBD76 /* XCRemoteSwiftPackageReference "SDWebImageSwiftUI" */,
				64A9EDC62C5D58CC00A1FC02 /* XCRemoteSwiftPackageReference "lottie-ios" */,
				64A9EDDB2C5D942300A1FC02 /* XCRemoteSwiftPackageReference "SwiftfulRouting" */,
				64A9EDDE2C5DA3B200A1FC02 /* XCRemoteSwiftPackageReference "keychain-swift" */,
			);
			productRefGroup = 64A027B42C59E96B009FBD76 /* Products */;
			projectDirPath = "";
			projectRoot = "";
			targets = (
				64A027B22C59E96B009FBD76 /* NimbleSurvey */,
				64A027C42C59E96E009FBD76 /* NimbleSurveyTests */,
				64A027CE2C59E96E009FBD76 /* NimbleSurveyUITests */,
			);
		};
/* End PBXProject section */

/* Begin PBXResourcesBuildPhase section */
		64A027B12C59E96B009FBD76 /* Resources */ = {
			isa = PBXResourcesBuildPhase;
			buildActionMask = 2147483647;
			files = (
				64A027C02C59E96E009FBD76 /* Preview Assets.xcassets in Resources */,
				64A9EDD42C5D6C8500A1FC02 /* complete.json in Resources */,
				64A027BD2C59E96E009FBD76 /* Assets.xcassets in Resources */,
				64A027E42C5A1858009FBD76 /* Neuzeit S LT Std Book.otf in Resources */,
			);
			runOnlyForDeploymentPostprocessing = 0;
		};
		64A027C32C59E96E009FBD76 /* Resources */ = {
			isa = PBXResourcesBuildPhase;
			buildActionMask = 2147483647;
			files = (
				64A9EE112C623FE000A1FC02 /* survey_json.json in Resources */,
			);
			runOnlyForDeploymentPostprocessing = 0;
		};
		64A027CD2C59E96E009FBD76 /* Resources */ = {
			isa = PBXResourcesBuildPhase;
			buildActionMask = 2147483647;
			files = (
			);
			runOnlyForDeploymentPostprocessing = 0;
		};
/* End PBXResourcesBuildPhase section */

/* Begin PBXSourcesBuildPhase section */
		64A027AF2C59E96B009FBD76 /* Sources */ = {
			isa = PBXSourcesBuildPhase;
			buildActionMask = 2147483647;
			files = (
				64A9EDF42C5ECF9100A1FC02 /* HomeViewViewModel.swift in Sources */,
				64A9EE012C606D5900A1FC02 /* NetworkMonitor.swift in Sources */,
				64A9EDF82C5FC44B00A1FC02 /* UserModel.swift in Sources */,
				64A027B72C59E96B009FBD76 /* NimbleSurveyApp.swift in Sources */,
				64A9EDC12C5C39B800A1FC02 /* TextExtension+Styles.swift in Sources */,
				64A027F62C5B74C3009FBD76 /* SkeletonLoadingHomeView.swift in Sources */,
				64A027E82C5A1F1C009FBD76 /* Utils.swift in Sources */,
				64A9EDED2C5E521300A1FC02 /* SignInViewModel.swift in Sources */,
				64A027EE2C5A240F009FBD76 /* SignInView.swift in Sources */,
				64A9EDFD2C5FC79400A1FC02 /* SurveyEndpoint.swift in Sources */,
				64A027F92C5B80A9009FBD76 /* ShimmerAnimatedView.swift in Sources */,
				64A9EDE72C5E374900A1FC02 /* UserService.swift in Sources */,
				64A027FF2C5B8AD7009FBD76 /* HomeView.swift in Sources */,
				64A9EDEB2C5E378200A1FC02 /* APIClient.swift in Sources */,
				64A9EDE32C5E31F700A1FC02 /* APIEndpoint.swift in Sources */,
				64A9EDFF2C5FCCAE00A1FC02 /* SurveyService.swift in Sources */,
				64A9EDE92C5E375A00A1FC02 /* UserEndPoint.swift in Sources */,
				64A9EDF62C5FC3B900A1FC02 /* UserViewModel.swift in Sources */,
				64A9EDD02C5D5F5A00A1FC02 /* ThankYouView.swift in Sources */,
				64A9EDF22C5E575400A1FC02 /* SurveyModel.swift in Sources */,
				64A9EDCA2C5D59AF00A1FC02 /* LottieView.swift in Sources */,
				64A9EDF02C5E564100A1FC02 /* SignInResponseModel.swift in Sources */,
				64A027F12C5A7849009FBD76 /* ResetPasswordView.swift in Sources */,
				64A027F32C5A80F6009FBD76 /* ViewExtension.swift in Sources */,
			);
			runOnlyForDeploymentPostprocessing = 0;
		};
		64A027C12C59E96E009FBD76 /* Sources */ = {
			isa = PBXSourcesBuildPhase;
			buildActionMask = 2147483647;
			files = (
				64A9EE192C6256A200A1FC02 /* NetworkMonitor.swift in Sources */,
				64A9EE182C62569400A1FC02 /* HomeViewViewModel.swift in Sources */,
				64A9EE142C624B0500A1FC02 /* APIEndpoint.swift in Sources */,
				64A9EE062C6185B100A1FC02 /* MockUserService.swift in Sources */,
				646F52272C63B7C000D24EF7 /* MockResponseModel.swift in Sources */,
				64A027CA2C59E96E009FBD76 /* NimbleSurveyTests.swift in Sources */,
				64A9EE152C624B0E00A1FC02 /* APIClient.swift in Sources */,
				64A9EE172C624B5600A1FC02 /* Utils.swift in Sources */,
				64A9EE132C624AFD00A1FC02 /* SurveyEndpoint.swift in Sources */,
				64A9EE0C2C62336300A1FC02 /* SurveyModel.swift in Sources */,
				646F52292C63B7DD00D24EF7 /* APIClientTests.swift in Sources */,
				64A9EE0E2C6236A900A1FC02 /* HomeViewViewModelTests.swift in Sources */,
				64A9EE0F2C623BAF00A1FC02 /* SurveyService.swift in Sources */,
			);
			runOnlyForDeploymentPostprocessing = 0;
		};
		64A027CB2C59E96E009FBD76 /* Sources */ = {
			isa = PBXSourcesBuildPhase;
			buildActionMask = 2147483647;
			files = (
				64A027D42C59E96E009FBD76 /* NimbleSurveyUITests.swift in Sources */,
				64A027D62C59E96E009FBD76 /* NimbleSurveyUITestsLaunchTests.swift in Sources */,
			);
			runOnlyForDeploymentPostprocessing = 0;
		};
/* End PBXSourcesBuildPhase section */

/* Begin PBXTargetDependency section */
		64A027C72C59E96E009FBD76 /* PBXTargetDependency */ = {
			isa = PBXTargetDependency;
			target = 64A027B22C59E96B009FBD76 /* NimbleSurvey */;
			targetProxy = 64A027C62C59E96E009FBD76 /* PBXContainerItemProxy */;
		};
		64A027D12C59E96E009FBD76 /* PBXTargetDependency */ = {
			isa = PBXTargetDependency;
			target = 64A027B22C59E96B009FBD76 /* NimbleSurvey */;
			targetProxy = 64A027D02C59E96E009FBD76 /* PBXContainerItemProxy */;
		};
/* End PBXTargetDependency section */

/* Begin XCBuildConfiguration section */
		64A027D72C59E96E009FBD76 /* Debug */ = {
			isa = XCBuildConfiguration;
			buildSettings = {
				ALWAYS_SEARCH_USER_PATHS = NO;
				ASSETCATALOG_COMPILER_GENERATE_SWIFT_ASSET_SYMBOL_EXTENSIONS = YES;
				CLANG_ANALYZER_NONNULL = YES;
				CLANG_ANALYZER_NUMBER_OBJECT_CONVERSION = YES_AGGRESSIVE;
				CLANG_CXX_LANGUAGE_STANDARD = "gnu++20";
				CLANG_ENABLE_MODULES = YES;
				CLANG_ENABLE_OBJC_ARC = YES;
				CLANG_ENABLE_OBJC_WEAK = YES;
				CLANG_WARN_BLOCK_CAPTURE_AUTORELEASING = YES;
				CLANG_WARN_BOOL_CONVERSION = YES;
				CLANG_WARN_COMMA = YES;
				CLANG_WARN_CONSTANT_CONVERSION = YES;
				CLANG_WARN_DEPRECATED_OBJC_IMPLEMENTATIONS = YES;
				CLANG_WARN_DIRECT_OBJC_ISA_USAGE = YES_ERROR;
				CLANG_WARN_DOCUMENTATION_COMMENTS = YES;
				CLANG_WARN_EMPTY_BODY = YES;
				CLANG_WARN_ENUM_CONVERSION = YES;
				CLANG_WARN_INFINITE_RECURSION = YES;
				CLANG_WARN_INT_CONVERSION = YES;
				CLANG_WARN_NON_LITERAL_NULL_CONVERSION = YES;
				CLANG_WARN_OBJC_IMPLICIT_RETAIN_SELF = YES;
				CLANG_WARN_OBJC_LITERAL_CONVERSION = YES;
				CLANG_WARN_OBJC_ROOT_CLASS = YES_ERROR;
				CLANG_WARN_QUOTED_INCLUDE_IN_FRAMEWORK_HEADER = YES;
				CLANG_WARN_RANGE_LOOP_ANALYSIS = YES;
				CLANG_WARN_STRICT_PROTOTYPES = YES;
				CLANG_WARN_SUSPICIOUS_MOVE = YES;
				CLANG_WARN_UNGUARDED_AVAILABILITY = YES_AGGRESSIVE;
				CLANG_WARN_UNREACHABLE_CODE = YES;
				CLANG_WARN__DUPLICATE_METHOD_MATCH = YES;
				COPY_PHASE_STRIP = NO;
				DEBUG_INFORMATION_FORMAT = dwarf;
				ENABLE_STRICT_OBJC_MSGSEND = YES;
				ENABLE_TESTABILITY = YES;
				ENABLE_USER_SCRIPT_SANDBOXING = YES;
				GCC_C_LANGUAGE_STANDARD = gnu17;
				GCC_DYNAMIC_NO_PIC = NO;
				GCC_NO_COMMON_BLOCKS = YES;
				GCC_OPTIMIZATION_LEVEL = 0;
				GCC_PREPROCESSOR_DEFINITIONS = (
					"DEBUG=1",
					"$(inherited)",
				);
				GCC_WARN_64_TO_32_BIT_CONVERSION = YES;
				GCC_WARN_ABOUT_RETURN_TYPE = YES_ERROR;
				GCC_WARN_UNDECLARED_SELECTOR = YES;
				GCC_WARN_UNINITIALIZED_AUTOS = YES_AGGRESSIVE;
				GCC_WARN_UNUSED_FUNCTION = YES;
				GCC_WARN_UNUSED_VARIABLE = YES;
				IPHONEOS_DEPLOYMENT_TARGET = 17.0;
				LOCALIZATION_PREFERS_STRING_CATALOGS = YES;
				MTL_ENABLE_DEBUG_INFO = INCLUDE_SOURCE;
				MTL_FAST_MATH = YES;
				ONLY_ACTIVE_ARCH = YES;
				SDKROOT = iphoneos;
				SWIFT_ACTIVE_COMPILATION_CONDITIONS = "DEBUG $(inherited)";
				SWIFT_OPTIMIZATION_LEVEL = "-Onone";
			};
			name = Debug;
		};
		64A027D82C59E96E009FBD76 /* Release */ = {
			isa = XCBuildConfiguration;
			buildSettings = {
				ALWAYS_SEARCH_USER_PATHS = NO;
				ASSETCATALOG_COMPILER_GENERATE_SWIFT_ASSET_SYMBOL_EXTENSIONS = YES;
				CLANG_ANALYZER_NONNULL = YES;
				CLANG_ANALYZER_NUMBER_OBJECT_CONVERSION = YES_AGGRESSIVE;
				CLANG_CXX_LANGUAGE_STANDARD = "gnu++20";
				CLANG_ENABLE_MODULES = YES;
				CLANG_ENABLE_OBJC_ARC = YES;
				CLANG_ENABLE_OBJC_WEAK = YES;
				CLANG_WARN_BLOCK_CAPTURE_AUTORELEASING = YES;
				CLANG_WARN_BOOL_CONVERSION = YES;
				CLANG_WARN_COMMA = YES;
				CLANG_WARN_CONSTANT_CONVERSION = YES;
				CLANG_WARN_DEPRECATED_OBJC_IMPLEMENTATIONS = YES;
				CLANG_WARN_DIRECT_OBJC_ISA_USAGE = YES_ERROR;
				CLANG_WARN_DOCUMENTATION_COMMENTS = YES;
				CLANG_WARN_EMPTY_BODY = YES;
				CLANG_WARN_ENUM_CONVERSION = YES;
				CLANG_WARN_INFINITE_RECURSION = YES;
				CLANG_WARN_INT_CONVERSION = YES;
				CLANG_WARN_NON_LITERAL_NULL_CONVERSION = YES;
				CLANG_WARN_OBJC_IMPLICIT_RETAIN_SELF = YES;
				CLANG_WARN_OBJC_LITERAL_CONVERSION = YES;
				CLANG_WARN_OBJC_ROOT_CLASS = YES_ERROR;
				CLANG_WARN_QUOTED_INCLUDE_IN_FRAMEWORK_HEADER = YES;
				CLANG_WARN_RANGE_LOOP_ANALYSIS = YES;
				CLANG_WARN_STRICT_PROTOTYPES = YES;
				CLANG_WARN_SUSPICIOUS_MOVE = YES;
				CLANG_WARN_UNGUARDED_AVAILABILITY = YES_AGGRESSIVE;
				CLANG_WARN_UNREACHABLE_CODE = YES;
				CLANG_WARN__DUPLICATE_METHOD_MATCH = YES;
				COPY_PHASE_STRIP = NO;
				DEBUG_INFORMATION_FORMAT = "dwarf-with-dsym";
				ENABLE_NS_ASSERTIONS = NO;
				ENABLE_STRICT_OBJC_MSGSEND = YES;
				ENABLE_USER_SCRIPT_SANDBOXING = YES;
				GCC_C_LANGUAGE_STANDARD = gnu17;
				GCC_NO_COMMON_BLOCKS = YES;
				GCC_WARN_64_TO_32_BIT_CONVERSION = YES;
				GCC_WARN_ABOUT_RETURN_TYPE = YES_ERROR;
				GCC_WARN_UNDECLARED_SELECTOR = YES;
				GCC_WARN_UNINITIALIZED_AUTOS = YES_AGGRESSIVE;
				GCC_WARN_UNUSED_FUNCTION = YES;
				GCC_WARN_UNUSED_VARIABLE = YES;
				IPHONEOS_DEPLOYMENT_TARGET = 17.0;
				LOCALIZATION_PREFERS_STRING_CATALOGS = YES;
				MTL_ENABLE_DEBUG_INFO = NO;
				MTL_FAST_MATH = YES;
				SDKROOT = iphoneos;
				SWIFT_COMPILATION_MODE = wholemodule;
				VALIDATE_PRODUCT = YES;
			};
			name = Release;
		};
		64A027DA2C59E96E009FBD76 /* Debug */ = {
			isa = XCBuildConfiguration;
			buildSettings = {
				ASSETCATALOG_COMPILER_APPICON_NAME = AppIcon;
				ASSETCATALOG_COMPILER_GLOBAL_ACCENT_COLOR_NAME = AccentColor;
				ASSETCATALOG_COMPILER_INCLUDE_ALL_APPICON_ASSETS = NO;
				CODE_SIGN_STYLE = Automatic;
				CURRENT_PROJECT_VERSION = 1;
				DEVELOPMENT_ASSET_PATHS = "\"NimbleSurvey/Preview Content\"";
				DEVELOPMENT_TEAM = 66MMSGR897;
				ENABLE_PREVIEWS = YES;
				GENERATE_INFOPLIST_FILE = YES;
				INFOPLIST_FILE = NimbleSurvey/Info.plist;
				INFOPLIST_KEY_CFBundleDisplayName = "Nimble Survey";
				INFOPLIST_KEY_LSApplicationCategoryType = "public.app-category.productivity";
				INFOPLIST_KEY_UIApplicationSceneManifest_Generation = YES;
				INFOPLIST_KEY_UIApplicationSupportsIndirectInputEvents = YES;
				INFOPLIST_KEY_UILaunchScreen_Generation = YES;
				INFOPLIST_KEY_UIStatusBarHidden = YES;
				INFOPLIST_KEY_UISupportedInterfaceOrientations = UIInterfaceOrientationPortrait;
				INFOPLIST_KEY_UISupportedInterfaceOrientations_iPad = "UIInterfaceOrientationLandscapeLeft UIInterfaceOrientationLandscapeRight UIInterfaceOrientationPortrait";
				IPHONEOS_DEPLOYMENT_TARGET = 17.0;
				LD_RUNPATH_SEARCH_PATHS = (
					"$(inherited)",
					"@executable_path/Frameworks",
				);
				MARKETING_VERSION = 1.0;
				PRODUCT_BUNDLE_IDENTIFIER = phuphan.kazu.NimbleSurvey;
				PRODUCT_NAME = "$(TARGET_NAME)";
				SUPPORTED_PLATFORMS = "iphoneos iphonesimulator";
				SUPPORTS_MACCATALYST = NO;
				SUPPORTS_MAC_DESIGNED_FOR_IPHONE_IPAD = NO;
				SUPPORTS_XR_DESIGNED_FOR_IPHONE_IPAD = NO;
				SWIFT_EMIT_LOC_STRINGS = YES;
				SWIFT_VERSION = 5.0;
				TARGETED_DEVICE_FAMILY = 1;
			};
			name = Debug;
		};
		64A027DB2C59E96E009FBD76 /* Release */ = {
			isa = XCBuildConfiguration;
			buildSettings = {
				ASSETCATALOG_COMPILER_APPICON_NAME = AppIcon;
				ASSETCATALOG_COMPILER_GLOBAL_ACCENT_COLOR_NAME = AccentColor;
				ASSETCATALOG_COMPILER_INCLUDE_ALL_APPICON_ASSETS = NO;
				CODE_SIGN_STYLE = Automatic;
				CURRENT_PROJECT_VERSION = 1;
				DEVELOPMENT_ASSET_PATHS = "\"NimbleSurvey/Preview Content\"";
				DEVELOPMENT_TEAM = 66MMSGR897;
				ENABLE_PREVIEWS = YES;
				GENERATE_INFOPLIST_FILE = YES;
				INFOPLIST_FILE = NimbleSurvey/Info.plist;
				INFOPLIST_KEY_CFBundleDisplayName = "Nimble Survey";
				INFOPLIST_KEY_LSApplicationCategoryType = "public.app-category.productivity";
				INFOPLIST_KEY_UIApplicationSceneManifest_Generation = YES;
				INFOPLIST_KEY_UIApplicationSupportsIndirectInputEvents = YES;
				INFOPLIST_KEY_UILaunchScreen_Generation = YES;
				INFOPLIST_KEY_UIStatusBarHidden = YES;
				INFOPLIST_KEY_UISupportedInterfaceOrientations = UIInterfaceOrientationPortrait;
				INFOPLIST_KEY_UISupportedInterfaceOrientations_iPad = "UIInterfaceOrientationLandscapeLeft UIInterfaceOrientationLandscapeRight UIInterfaceOrientationPortrait";
				IPHONEOS_DEPLOYMENT_TARGET = 17.0;
				LD_RUNPATH_SEARCH_PATHS = (
					"$(inherited)",
					"@executable_path/Frameworks",
				);
				MARKETING_VERSION = 1.0;
				PRODUCT_BUNDLE_IDENTIFIER = phuphan.kazu.NimbleSurvey;
				PRODUCT_NAME = "$(TARGET_NAME)";
				SUPPORTED_PLATFORMS = "iphoneos iphonesimulator";
				SUPPORTS_MACCATALYST = NO;
				SUPPORTS_MAC_DESIGNED_FOR_IPHONE_IPAD = NO;
				SUPPORTS_XR_DESIGNED_FOR_IPHONE_IPAD = NO;
				SWIFT_EMIT_LOC_STRINGS = YES;
				SWIFT_VERSION = 5.0;
				TARGETED_DEVICE_FAMILY = 1;
			};
			name = Release;
		};
		64A027DD2C59E96E009FBD76 /* Debug */ = {
			isa = XCBuildConfiguration;
			buildSettings = {
				BUNDLE_LOADER = "$(TEST_HOST)";
				CODE_SIGN_STYLE = Automatic;
				CURRENT_PROJECT_VERSION = 1;
				DEVELOPMENT_TEAM = 66MMSGR897;
				GENERATE_INFOPLIST_FILE = YES;
				IPHONEOS_DEPLOYMENT_TARGET = 17.0;
				MARKETING_VERSION = 1.0;
				PRODUCT_BUNDLE_IDENTIFIER = phuphan.kazu.NimbleSurveyTests;
				PRODUCT_NAME = "$(TARGET_NAME)";
				SWIFT_EMIT_LOC_STRINGS = NO;
				SWIFT_VERSION = 5.0;
				TARGETED_DEVICE_FAMILY = "1,2";
				TEST_HOST = "$(BUILT_PRODUCTS_DIR)/NimbleSurvey.app/$(BUNDLE_EXECUTABLE_FOLDER_PATH)/NimbleSurvey";
			};
			name = Debug;
		};
		64A027DE2C59E96E009FBD76 /* Release */ = {
			isa = XCBuildConfiguration;
			buildSettings = {
				BUNDLE_LOADER = "$(TEST_HOST)";
				CODE_SIGN_STYLE = Automatic;
				CURRENT_PROJECT_VERSION = 1;
				DEVELOPMENT_TEAM = 66MMSGR897;
				GENERATE_INFOPLIST_FILE = YES;
				IPHONEOS_DEPLOYMENT_TARGET = 17.0;
				MARKETING_VERSION = 1.0;
				PRODUCT_BUNDLE_IDENTIFIER = phuphan.kazu.NimbleSurveyTests;
				PRODUCT_NAME = "$(TARGET_NAME)";
				SWIFT_EMIT_LOC_STRINGS = NO;
				SWIFT_VERSION = 5.0;
				TARGETED_DEVICE_FAMILY = "1,2";
				TEST_HOST = "$(BUILT_PRODUCTS_DIR)/NimbleSurvey.app/$(BUNDLE_EXECUTABLE_FOLDER_PATH)/NimbleSurvey";
			};
			name = Release;
		};
		64A027E02C59E96E009FBD76 /* Debug */ = {
			isa = XCBuildConfiguration;
			buildSettings = {
				CODE_SIGN_STYLE = Automatic;
				CURRENT_PROJECT_VERSION = 1;
				DEVELOPMENT_TEAM = 66MMSGR897;
				GENERATE_INFOPLIST_FILE = YES;
				MARKETING_VERSION = 1.0;
				PRODUCT_BUNDLE_IDENTIFIER = phuphan.kazu.NimbleSurveyUITests;
				PRODUCT_NAME = "$(TARGET_NAME)";
				SWIFT_EMIT_LOC_STRINGS = NO;
				SWIFT_VERSION = 5.0;
				TARGETED_DEVICE_FAMILY = "1,2";
				TEST_TARGET_NAME = NimbleSurvey;
			};
			name = Debug;
		};
		64A027E12C59E96E009FBD76 /* Release */ = {
			isa = XCBuildConfiguration;
			buildSettings = {
				CODE_SIGN_STYLE = Automatic;
				CURRENT_PROJECT_VERSION = 1;
				DEVELOPMENT_TEAM = 66MMSGR897;
				GENERATE_INFOPLIST_FILE = YES;
				MARKETING_VERSION = 1.0;
				PRODUCT_BUNDLE_IDENTIFIER = phuphan.kazu.NimbleSurveyUITests;
				PRODUCT_NAME = "$(TARGET_NAME)";
				SWIFT_EMIT_LOC_STRINGS = NO;
				SWIFT_VERSION = 5.0;
				TARGETED_DEVICE_FAMILY = "1,2";
				TEST_TARGET_NAME = NimbleSurvey;
			};
			name = Release;
		};
/* End XCBuildConfiguration section */

/* Begin XCConfigurationList section */
		64A027AE2C59E96B009FBD76 /* Build configuration list for PBXProject "NimbleSurvey" */ = {
			isa = XCConfigurationList;
			buildConfigurations = (
				64A027D72C59E96E009FBD76 /* Debug */,
				64A027D82C59E96E009FBD76 /* Release */,
			);
			defaultConfigurationIsVisible = 0;
			defaultConfigurationName = Release;
		};
		64A027D92C59E96E009FBD76 /* Build configuration list for PBXNativeTarget "NimbleSurvey" */ = {
			isa = XCConfigurationList;
			buildConfigurations = (
				64A027DA2C59E96E009FBD76 /* Debug */,
				64A027DB2C59E96E009FBD76 /* Release */,
			);
			defaultConfigurationIsVisible = 0;
			defaultConfigurationName = Release;
		};
		64A027DC2C59E96E009FBD76 /* Build configuration list for PBXNativeTarget "NimbleSurveyTests" */ = {
			isa = XCConfigurationList;
			buildConfigurations = (
				64A027DD2C59E96E009FBD76 /* Debug */,
				64A027DE2C59E96E009FBD76 /* Release */,
			);
			defaultConfigurationIsVisible = 0;
			defaultConfigurationName = Release;
		};
		64A027DF2C59E96E009FBD76 /* Build configuration list for PBXNativeTarget "NimbleSurveyUITests" */ = {
			isa = XCConfigurationList;
			buildConfigurations = (
				64A027E02C59E96E009FBD76 /* Debug */,
				64A027E12C59E96E009FBD76 /* Release */,
			);
			defaultConfigurationIsVisible = 0;
			defaultConfigurationName = Release;
		};
/* End XCConfigurationList section */

/* Begin XCRemoteSwiftPackageReference section */
		64A027FB2C5B891C009FBD76 /* XCRemoteSwiftPackageReference "SDWebImageSwiftUI" */ = {
			isa = XCRemoteSwiftPackageReference;
			repositoryURL = "https://github.com/SDWebImage/SDWebImageSwiftUI.git";
			requirement = {
				kind = upToNextMajorVersion;
				minimumVersion = 3.1.1;
			};
		};
		64A9EDC62C5D58CC00A1FC02 /* XCRemoteSwiftPackageReference "lottie-ios" */ = {
			isa = XCRemoteSwiftPackageReference;
			repositoryURL = "https://github.com/airbnb/lottie-ios.git";
			requirement = {
				kind = upToNextMajorVersion;
				minimumVersion = 4.5.0;
			};
		};
		64A9EDDB2C5D942300A1FC02 /* XCRemoteSwiftPackageReference "SwiftfulRouting" */ = {
			isa = XCRemoteSwiftPackageReference;
			repositoryURL = "https://github.com/SwiftfulThinking/SwiftfulRouting";
			requirement = {
				kind = upToNextMajorVersion;
				minimumVersion = 5.3.5;
			};
		};
		64A9EDDE2C5DA3B200A1FC02 /* XCRemoteSwiftPackageReference "keychain-swift" */ = {
			isa = XCRemoteSwiftPackageReference;
			repositoryURL = "https://github.com/evgenyneu/keychain-swift.git";
			requirement = {
				kind = upToNextMajorVersion;
				minimumVersion = 24.0.0;
			};
		};
/* End XCRemoteSwiftPackageReference section */

/* Begin XCSwiftPackageProductDependency section */
		64A027FC2C5B891C009FBD76 /* SDWebImageSwiftUI */ = {
			isa = XCSwiftPackageProductDependency;
			package = 64A027FB2C5B891C009FBD76 /* XCRemoteSwiftPackageReference "SDWebImageSwiftUI" */;
			productName = SDWebImageSwiftUI;
		};
		64A9EDC72C5D58CC00A1FC02 /* Lottie */ = {
			isa = XCSwiftPackageProductDependency;
			package = 64A9EDC62C5D58CC00A1FC02 /* XCRemoteSwiftPackageReference "lottie-ios" */;
			productName = Lottie;
		};
		64A9EDDC2C5D942300A1FC02 /* SwiftfulRouting */ = {
			isa = XCSwiftPackageProductDependency;
			package = 64A9EDDB2C5D942300A1FC02 /* XCRemoteSwiftPackageReference "SwiftfulRouting" */;
			productName = SwiftfulRouting;
		};
		64A9EDDF2C5DA3B200A1FC02 /* KeychainSwift */ = {
			isa = XCSwiftPackageProductDependency;
			package = 64A9EDDE2C5DA3B200A1FC02 /* XCRemoteSwiftPackageReference "keychain-swift" */;
			productName = KeychainSwift;
		};
/* End XCSwiftPackageProductDependency section */
	};
	rootObject = 64A027AB2C59E96B009FBD76 /* Project object */;
}
