{
  "originHash" : "734f24e1146fa1af6add2a8540b0e5cc4bdaa71d64a64a14367b9fd2a6d13b0e",
  "pins" : [
    {
      "identity" : "keychain-swift",
      "kind" : "remoteSourceControl",
      "location" : "https://github.com/evgenyneu/keychain-swift.git",
      "state" : {
        "revision" : "5e1b02b6a9dac2a759a1d5dbc175c86bd192a608",
        "version" : "24.0.0"
      }
    },
    {
      "identity" : "lottie-ios",
      "kind" : "remoteSourceControl",
      "location" : "https://github.com/airbnb/lottie-ios.git",
      "state" : {
        "revision" : "fe4c6fe3a0aa66cdeb51d549623c82ca9704b9a5",
        "version" : "4.5.0"
      }
    },
    {
      "identity" : "sdwebimage",
      "kind" : "remoteSourceControl",
      "location" : "https://github.com/SDWebImage/SDWebImage.git",
      "state" : {
        "revision" : "86e9185ef41c4238a93ad8efe61ddeb701e80bbf",
        "version" : "5.19.5"
      }
    },
    {
      "identity" : "sdwebimageswiftui",
      "kind" : "remoteSourceControl",
      "location" : "https://github.com/SDWebImage/SDWebImageSwiftUI.git",
      "state" : {
        "revision" : "5d462f7530677ae0c2b9510c26383aa25ba48751",
        "version" : "3.1.1"
      }
    },
    {
      "identity" : "swiftfulrecursiveui",
      "kind" : "remoteSourceControl",
      "location" : "https://github.com/SwiftfulThinking/SwiftfulRecursiveUI.git",
      "state" : {
        "revision" : "3d2d5ac6efe70874fb5ffb2f8e1d5ccd457f4366",
        "version" : "1.0.2"
      }
    },
    {
      "identity" : "swiftfulrouting",
      "kind" : "remoteSourceControl",
      "location" : "https://github.com/SwiftfulThinking/SwiftfulRouting",
      "state" : {
        "revision" : "02a6e295fbcbee2f30d49b90bd5e2b11a9885d39",
        "version" : "5.3.5"
      }
    }
  ],
  "version" : 3
}
